// !$*UTF8*$!
{
	archiveVersion = 1;
	classes = {
	};
	objectVersion = 56;
	objects = {

/* Begin PBXBuildFile section */
		D08974C52AE9457F00D09B81 /* MVVMApp.swift in Sources */ = {isa = PBXBuildFile; fileRef = D08974C42AE9457F00D09B81 /* MVVMApp.swift */; };
		D08974C72AE9457F00D09B81 /* ContentView.swift in Sources */ = {isa = PBXBuildFile; fileRef = D08974C62AE9457F00D09B81 /* ContentView.swift */; };
		D08974C92AE9458000D09B81 /* Assets.xcassets in Resources */ = {isa = PBXBuildFile; fileRef = D08974C82AE9458000D09B81 /* Assets.xcassets */; };
		D08974CC2AE9458000D09B81 /* Preview Assets.xcassets in Resources */ = {isa = PBXBuildFile; fileRef = D08974CB2AE9458000D09B81 /* Preview Assets.xcassets */; };
		D08974D62AE9458000D09B81 /* MVVMTests.swift in Sources */ = {isa = PBXBuildFile; fileRef = D08974D52AE9458000D09B81 /* MVVMTests.swift */; };
		D08974E02AE9458000D09B81 /* MVVMUITests.swift in Sources */ = {isa = PBXBuildFile; fileRef = D08974DF2AE9458000D09B81 /* MVVMUITests.swift */; };
		D08974E22AE9458000D09B81 /* MVVMUITestsLaunchTests.swift in Sources */ = {isa = PBXBuildFile; fileRef = D08974E12AE9458000D09B81 /* MVVMUITestsLaunchTests.swift */; };
		D08974EF2AE9460300D09B81 /* PatientModel.swift in Sources */ = {isa = PBXBuildFile; fileRef = D08974EE2AE9460300D09B81 /* PatientModel.swift */; };
		D08974F12AE9462D00D09B81 /* PatientRepository.swift in Sources */ = {isa = PBXBuildFile; fileRef = D08974F02AE9462D00D09B81 /* PatientRepository.swift */; };
		D08974F32AE9464B00D09B81 /* LocalPatientRepository.swift in Sources */ = {isa = PBXBuildFile; fileRef = D08974F22AE9464B00D09B81 /* LocalPatientRepository.swift */; };
		D08974F52AE9467000D09B81 /* ExternalPatientRepository.swift in Sources */ = {isa = PBXBuildFile; fileRef = D08974F42AE9467000D09B81 /* ExternalPatientRepository.swift */; };
		D08974F72AE9469400D09B81 /* PatientListViewModel.swift in Sources */ = {isa = PBXBuildFile; fileRef = D08974F62AE9469400D09B81 /* PatientListViewModel.swift */; };
		D08974F92AE946AA00D09B81 /* PatientListView.swift in Sources */ = {isa = PBXBuildFile; fileRef = D08974F82AE946AA00D09B81 /* PatientListView.swift */; };
/* End PBXBuildFile section */

/* Begin PBXContainerItemProxy section */
		D08974D22AE9458000D09B81 /* PBXContainerItemProxy */ = {
			isa = PBXContainerItemProxy;
			containerPortal = D08974B92AE9457F00D09B81 /* Project object */;
			proxyType = 1;
			remoteGlobalIDString = D08974C02AE9457F00D09B81;
			remoteInfo = MVVM;
		};
		D08974DC2AE9458000D09B81 /* PBXContainerItemProxy */ = {
			isa = PBXContainerItemProxy;
			containerPortal = D08974B92AE9457F00D09B81 /* Project object */;
			proxyType = 1;
			remoteGlobalIDString = D08974C02AE9457F00D09B81;
			remoteInfo = MVVM;
		};
/* End PBXContainerItemProxy section */

/* Begin PBXFileReference section */
		D08974C12AE9457F00D09B81 /* MVVM.app */ = {isa = PBXFileReference; explicitFileType = wrapper.application; includeInIndex = 0; path = MVVM.app; sourceTree = BUILT_PRODUCTS_DIR; };
		D08974C42AE9457F00D09B81 /* MVVMApp.swift */ = {isa = PBXFileReference; lastKnownFileType = sourcecode.swift; path = MVVMApp.swift; sourceTree = "<group>"; };
		D08974C62AE9457F00D09B81 /* ContentView.swift */ = {isa = PBXFileReference; lastKnownFileType = sourcecode.swift; path = ContentView.swift; sourceTree = "<group>"; };
		D08974C82AE9458000D09B81 /* Assets.xcassets */ = {isa = PBXFileReference; lastKnownFileType = folder.assetcatalog; path = Assets.xcassets; sourceTree = "<group>"; };
		D08974CB2AE9458000D09B81 /* Preview Assets.xcassets */ = {isa = PBXFileReference; lastKnownFileType = folder.assetcatalog; path = "Preview Assets.xcassets"; sourceTree = "<group>"; };
		D08974D12AE9458000D09B81 /* MVVMTests.xctest */ = {isa = PBXFileReference; explicitFileType = wrapper.cfbundle; includeInIndex = 0; path = MVVMTests.xctest; sourceTree = BUILT_PRODUCTS_DIR; };
		D08974D52AE9458000D09B81 /* MVVMTests.swift */ = {isa = PBXFileReference; lastKnownFileType = sourcecode.swift; path = MVVMTests.swift; sourceTree = "<group>"; };
		D08974DB2AE9458000D09B81 /* MVVMUITests.xctest */ = {isa = PBXFileReference; explicitFileType = wrapper.cfbundle; includeInIndex = 0; path = MVVMUITests.xctest; sourceTree = BUILT_PRODUCTS_DIR; };
		D08974DF2AE9458000D09B81 /* MVVMUITests.swift */ = {isa = PBXFileReference; lastKnownFileType = sourcecode.swift; path = MVVMUITests.swift; sourceTree = "<group>"; };
		D08974E12AE9458000D09B81 /* MVVMUITestsLaunchTests.swift */ = {isa = PBXFileReference; lastKnownFileType = sourcecode.swift; path = MVVMUITestsLaunchTests.swift; sourceTree = "<group>"; };
		D08974EE2AE9460300D09B81 /* PatientModel.swift */ = {isa = PBXFileReference; lastKnownFileType = sourcecode.swift; path = PatientModel.swift; sourceTree = "<group>"; };
		D08974F02AE9462D00D09B81 /* PatientRepository.swift */ = {isa = PBXFileReference; lastKnownFileType = sourcecode.swift; path = PatientRepository.swift; sourceTree = "<group>"; };
		D08974F22AE9464B00D09B81 /* LocalPatientRepository.swift */ = {isa = PBXFileReference; lastKnownFileType = sourcecode.swift; path = LocalPatientRepository.swift; sourceTree = "<group>"; };
		D08974F42AE9467000D09B81 /* ExternalPatientRepository.swift */ = {isa = PBXFileReference; lastKnownFileType = sourcecode.swift; path = ExternalPatientRepository.swift; sourceTree = "<group>"; };
		D08974F62AE9469400D09B81 /* PatientListViewModel.swift */ = {isa = PBXFileReference; lastKnownFileType = sourcecode.swift; path = PatientListViewModel.swift; sourceTree = "<group>"; };
		D08974F82AE946AA00D09B81 /* PatientListView.swift */ = {isa = PBXFileReference; lastKnownFileType = sourcecode.swift; path = PatientListView.swift; sourceTree = "<group>"; };
/* End PBXFileReference section */

/* Begin PBXFrameworksBuildPhase section */
		D08974BE2AE9457F00D09B81 /* Frameworks */ = {
			isa = PBXFrameworksBuildPhase;
			buildActionMask = 2147483647;
			files = (
			);
			runOnlyForDeploymentPostprocessing = 0;
		};
		D08974CE2AE9458000D09B81 /* Frameworks */ = {
			isa = PBXFrameworksBuildPhase;
			buildActionMask = 2147483647;
			files = (
			);
			runOnlyForDeploymentPostprocessing = 0;
		};
		D08974D82AE9458000D09B81 /* Frameworks */ = {
			isa = PBXFrameworksBuildPhase;
			buildActionMask = 2147483647;
			files = (
			);
			runOnlyForDeploymentPostprocessing = 0;
		};
/* End PBXFrameworksBuildPhase section */

/* Begin PBXGroup section */
		D08974B82AE9457F00D09B81 = {
			isa = PBXGroup;
			children = (
				D08974C32AE9457F00D09B81 /* MVVM */,
				D08974D42AE9458000D09B81 /* MVVMTests */,
				D08974DE2AE9458000D09B81 /* MVVMUITests */,
				D08974C22AE9457F00D09B81 /* Products */,
			);
			sourceTree = "<group>";
		};
		D08974C22AE9457F00D09B81 /* Products */ = {
			isa = PBXGroup;
			children = (
				D08974C12AE9457F00D09B81 /* MVVM.app */,
				D08974D12AE9458000D09B81 /* MVVMTests.xctest */,
				D08974DB2AE9458000D09B81 /* MVVMUITests.xctest */,
			);
			name = Products;
			sourceTree = "<group>";
		};
		D08974C32AE9457F00D09B81 /* MVVM */ = {
			isa = PBXGroup;
			children = (
				D090CCE12AEA6FA400CC40CD /* Model */,
				D090CCE22AEA6FAD00CC40CD /* View */,
				D08974FC2AE9470500D09B81 /* Repositories */,
				D08974C42AE9457F00D09B81 /* MVVMApp.swift */,
				D08974C62AE9457F00D09B81 /* ContentView.swift */,
				D08974C82AE9458000D09B81 /* Assets.xcassets */,
				D08974CA2AE9458000D09B81 /* Preview Content */,
			);
			path = MVVM;
			sourceTree = "<group>";
		};
		D08974CA2AE9458000D09B81 /* Preview Content */ = {
			isa = PBXGroup;
			children = (
				D08974CB2AE9458000D09B81 /* Preview Assets.xcassets */,
			);
			path = "Preview Content";
			sourceTree = "<group>";
		};
		D08974D42AE9458000D09B81 /* MVVMTests */ = {
			isa = PBXGroup;
			children = (
				D08974D52AE9458000D09B81 /* MVVMTests.swift */,
			);
			path = MVVMTests;
			sourceTree = "<group>";
		};
		D08974DE2AE9458000D09B81 /* MVVMUITests */ = {
			isa = PBXGroup;
			children = (
				D08974DF2AE9458000D09B81 /* MVVMUITests.swift */,
				D08974E12AE9458000D09B81 /* MVVMUITestsLaunchTests.swift */,
			);
			path = MVVMUITests;
			sourceTree = "<group>";
		};
		D08974FA2AE946EC00D09B81 /* PatientList */ = {
			isa = PBXGroup;
			children = (
				D08974F82AE946AA00D09B81 /* PatientListView.swift */,
				D08974F62AE9469400D09B81 /* PatientListViewModel.swift */,
			);
			path = PatientList;
			sourceTree = "<group>";
		};
		D08974FB2AE946F900D09B81 /* Patient */ = {
			isa = PBXGroup;
			children = (
				D08974EE2AE9460300D09B81 /* PatientModel.swift */,
			);
			path = Patient;
			sourceTree = "<group>";
		};
		D08974FC2AE9470500D09B81 /* Repositories */ = {
			isa = PBXGroup;
			children = (
				D090CCE32AEA6FCF00CC40CD /* Patient */,
			);
			path = Repositories;
			sourceTree = "<group>";
		};
		D090CCE12AEA6FA400CC40CD /* Model */ = {
			isa = PBXGroup;
			children = (
				D08974FB2AE946F900D09B81 /* Patient */,
			);
			path = Model;
			sourceTree = "<group>";
		};
		D090CCE22AEA6FAD00CC40CD /* View */ = {
			isa = PBXGroup;
			children = (
				D08974FA2AE946EC00D09B81 /* PatientList */,
			);
			path = View;
			sourceTree = "<group>";
		};
		D090CCE32AEA6FCF00CC40CD /* Patient */ = {
			isa = PBXGroup;
			children = (
				D08974F02AE9462D00D09B81 /* PatientRepository.swift */,
				D08974F22AE9464B00D09B81 /* LocalPatientRepository.swift */,
				D08974F42AE9467000D09B81 /* ExternalPatientRepository.swift */,
			);
			path = Patient;
			sourceTree = "<group>";
		};
/* End PBXGroup section */

/* Begin PBXNativeTarget section */
		D08974C02AE9457F00D09B81 /* MVVM */ = {
			isa = PBXNativeTarget;
			buildConfigurationList = D08974E52AE9458000D09B81 /* Build configuration list for PBXNativeTarget "MVVM" */;
			buildPhases = (
				D08974BD2AE9457F00D09B81 /* Sources */,
				D08974BE2AE9457F00D09B81 /* Frameworks */,
				D08974BF2AE9457F00D09B81 /* Resources */,
			);
			buildRules = (
			);
			dependencies = (
			);
			name = MVVM;
			productName = MVVM;
			productReference = D08974C12AE9457F00D09B81 /* MVVM.app */;
			productType = "com.apple.product-type.application";
		};
		D08974D02AE9458000D09B81 /* MVVMTests */ = {
			isa = PBXNativeTarget;
			buildConfigurationList = D08974E82AE9458000D09B81 /* Build configuration list for PBXNativeTarget "MVVMTests" */;
			buildPhases = (
				D08974CD2AE9458000D09B81 /* Sources */,
				D08974CE2AE9458000D09B81 /* Frameworks */,
				D08974CF2AE9458000D09B81 /* Resources */,
			);
			buildRules = (
			);
			dependencies = (
				D08974D32AE9458000D09B81 /* PBXTargetDependency */,
			);
			name = MVVMTests;
			productName = MVVMTests;
			productReference = D08974D12AE9458000D09B81 /* MVVMTests.xctest */;
			productType = "com.apple.product-type.bundle.unit-test";
		};
		D08974DA2AE9458000D09B81 /* MVVMUITests */ = {
			isa = PBXNativeTarget;
			buildConfigurationList = D08974EB2AE9458000D09B81 /* Build configuration list for PBXNativeTarget "MVVMUITests" */;
			buildPhases = (
				D08974D72AE9458000D09B81 /* Sources */,
				D08974D82AE9458000D09B81 /* Frameworks */,
				D08974D92AE9458000D09B81 /* Resources */,
			);
			buildRules = (
			);
			dependencies = (
				D08974DD2AE9458000D09B81 /* PBXTargetDependency */,
			);
			name = MVVMUITests;
			productName = MVVMUITests;
			productReference = D08974DB2AE9458000D09B81 /* MVVMUITests.xctest */;
			productType = "com.apple.product-type.bundle.ui-testing";
		};
/* End PBXNativeTarget section */

/* Begin PBXProject section */
		D08974B92AE9457F00D09B81 /* Project object */ = {
			isa = PBXProject;
			attributes = {
				BuildIndependentTargetsInParallel = 1;
				LastSwiftUpdateCheck = 1430;
				LastUpgradeCheck = 1430;
				TargetAttributes = {
					D08974C02AE9457F00D09B81 = {
						CreatedOnToolsVersion = 14.3.1;
					};
					D08974D02AE9458000D09B81 = {
						CreatedOnToolsVersion = 14.3.1;
						TestTargetID = D08974C02AE9457F00D09B81;
					};
					D08974DA2AE9458000D09B81 = {
						CreatedOnToolsVersion = 14.3.1;
						TestTargetID = D08974C02AE9457F00D09B81;
					};
				};
			};
			buildConfigurationList = D08974BC2AE9457F00D09B81 /* Build configuration list for PBXProject "MVVM" */;
			compatibilityVersion = "Xcode 14.0";
			developmentRegion = en;
			hasScannedForEncodings = 0;
			knownRegions = (
				en,
				Base,
			);
			mainGroup = D08974B82AE9457F00D09B81;
			productRefGroup = D08974C22AE9457F00D09B81 /* Products */;
			projectDirPath = "";
			projectRoot = "";
			targets = (
				D08974C02AE9457F00D09B81 /* MVVM */,
				D08974D02AE9458000D09B81 /* MVVMTests */,
				D08974DA2AE9458000D09B81 /* MVVMUITests */,
			);
		};
/* End PBXProject section */

/* Begin PBXResourcesBuildPhase section */
		D08974BF2AE9457F00D09B81 /* Resources */ = {
			isa = PBXResourcesBuildPhase;
			buildActionMask = 2147483647;
			files = (
				D08974CC2AE9458000D09B81 /* Preview Assets.xcassets in Resources */,
				D08974C92AE9458000D09B81 /* Assets.xcassets in Resources */,
			);
			runOnlyForDeploymentPostprocessing = 0;
		};
		D08974CF2AE9458000D09B81 /* Resources */ = {
			isa = PBXResourcesBuildPhase;
			buildActionMask = 2147483647;
			files = (
			);
			runOnlyForDeploymentPostprocessing = 0;
		};
		D08974D92AE9458000D09B81 /* Resources */ = {
			isa = PBXResourcesBuildPhase;
			buildActionMask = 2147483647;
			files = (
			);
			runOnlyForDeploymentPostprocessing = 0;
		};
/* End PBXResourcesBuildPhase section */

/* Begin PBXSourcesBuildPhase section */
		D08974BD2AE9457F00D09B81 /* Sources */ = {
			isa = PBXSourcesBuildPhase;
			buildActionMask = 2147483647;
			files = (
				D08974C72AE9457F00D09B81 /* ContentView.swift in Sources */,
				D08974EF2AE9460300D09B81 /* PatientModel.swift in Sources */,
				D08974C52AE9457F00D09B81 /* MVVMApp.swift in Sources */,
				D08974F72AE9469400D09B81 /* PatientListViewModel.swift in Sources */,
				D08974F92AE946AA00D09B81 /* PatientListView.swift in Sources */,
				D08974F12AE9462D00D09B81 /* PatientRepository.swift in Sources */,
				D08974F52AE9467000D09B81 /* ExternalPatientRepository.swift in Sources */,
				D08974F32AE9464B00D09B81 /* LocalPatientRepository.swift in Sources */,
			);
			runOnlyForDeploymentPostprocessing = 0;
		};
		D08974CD2AE9458000D09B81 /* Sources */ = {
			isa = PBXSourcesBuildPhase;
			buildActionMask = 2147483647;
			files = (
				D08974D62AE9458000D09B81 /* MVVMTests.swift in Sources */,
			);
			runOnlyForDeploymentPostprocessing = 0;
		};
		D08974D72AE9458000D09B81 /* Sources */ = {
			isa = PBXSourcesBuildPhase;
			buildActionMask = 2147483647;
			files = (
				D08974E22AE9458000D09B81 /* MVVMUITestsLaunchTests.swift in Sources */,
				D08974E02AE9458000D09B81 /* MVVMUITests.swift in Sources */,
			);
			runOnlyForDeploymentPostprocessing = 0;
		};
/* End PBXSourcesBuildPhase section */

/* Begin PBXTargetDependency section */
		D08974D32AE9458000D09B81 /* PBXTargetDependency */ = {
			isa = PBXTargetDependency;
			target = D08974C02AE9457F00D09B81 /* MVVM */;
			targetProxy = D08974D22AE9458000D09B81 /* PBXContainerItemProxy */;
		};
		D08974DD2AE9458000D09B81 /* PBXTargetDependency */ = {
			isa = PBXTargetDependency;
			target = D08974C02AE9457F00D09B81 /* MVVM */;
			targetProxy = D08974DC2AE9458000D09B81 /* PBXContainerItemProxy */;
		};
/* End PBXTargetDependency section */

/* Begin XCBuildConfiguration section */
		D08974E32AE9458000D09B81 /* Debug */ = {
			isa = XCBuildConfiguration;
			buildSettings = {
				ALWAYS_SEARCH_USER_PATHS = NO;
				CLANG_ANALYZER_NONNULL = YES;
				CLANG_ANALYZER_NUMBER_OBJECT_CONVERSION = YES_AGGRESSIVE;
				CLANG_CXX_LANGUAGE_STANDARD = "gnu++20";
				CLANG_ENABLE_MODULES = YES;
				CLANG_ENABLE_OBJC_ARC = YES;
				CLANG_ENABLE_OBJC_WEAK = YES;
				CLANG_WARN_BLOCK_CAPTURE_AUTORELEASING = YES;
				CLANG_WARN_BOOL_CONVERSION = YES;
				CLANG_WARN_COMMA = YES;
				CLANG_WARN_CONSTANT_CONVERSION = YES;
				CLANG_WARN_DEPRECATED_OBJC_IMPLEMENTATIONS = YES;
				CLANG_WARN_DIRECT_OBJC_ISA_USAGE = YES_ERROR;
				CLANG_WARN_DOCUMENTATION_COMMENTS = YES;
				CLANG_WARN_EMPTY_BODY = YES;
				CLANG_WARN_ENUM_CONVERSION = YES;
				CLANG_WARN_INFINITE_RECURSION = YES;
				CLANG_WARN_INT_CONVERSION = YES;
				CLANG_WARN_NON_LITERAL_NULL_CONVERSION = YES;
				CLANG_WARN_OBJC_IMPLICIT_RETAIN_SELF = YES;
				CLANG_WARN_OBJC_LITERAL_CONVERSION = YES;
				CLANG_WARN_OBJC_ROOT_CLASS = YES_ERROR;
				CLANG_WARN_QUOTED_INCLUDE_IN_FRAMEWORK_HEADER = YES;
				CLANG_WARN_RANGE_LOOP_ANALYSIS = YES;
				CLANG_WARN_STRICT_PROTOTYPES = YES;
				CLANG_WARN_SUSPICIOUS_MOVE = YES;
				CLANG_WARN_UNGUARDED_AVAILABILITY = YES_AGGRESSIVE;
				CLANG_WARN_UNREACHABLE_CODE = YES;
				CLANG_WARN__DUPLICATE_METHOD_MATCH = YES;
				COPY_PHASE_STRIP = NO;
				DEBUG_INFORMATION_FORMAT = dwarf;
				ENABLE_STRICT_OBJC_MSGSEND = YES;
				ENABLE_TESTABILITY = YES;
				GCC_C_LANGUAGE_STANDARD = gnu11;
				GCC_DYNAMIC_NO_PIC = NO;
				GCC_NO_COMMON_BLOCKS = YES;
				GCC_OPTIMIZATION_LEVEL = 0;
				GCC_PREPROCESSOR_DEFINITIONS = (
					"DEBUG=1",
					"$(inherited)",
				);
				GCC_WARN_64_TO_32_BIT_CONVERSION = YES;
				GCC_WARN_ABOUT_RETURN_TYPE = YES_ERROR;
				GCC_WARN_UNDECLARED_SELECTOR = YES;
				GCC_WARN_UNINITIALIZED_AUTOS = YES_AGGRESSIVE;
				GCC_WARN_UNUSED_FUNCTION = YES;
				GCC_WARN_UNUSED_VARIABLE = YES;
				IPHONEOS_DEPLOYMENT_TARGET = 16.4;
				MTL_ENABLE_DEBUG_INFO = INCLUDE_SOURCE;
				MTL_FAST_MATH = YES;
				ONLY_ACTIVE_ARCH = YES;
				SDKROOT = iphoneos;
				SWIFT_ACTIVE_COMPILATION_CONDITIONS = DEBUG;
				SWIFT_OPTIMIZATION_LEVEL = "-Onone";
			};
			name = Debug;
		};
		D08974E42AE9458000D09B81 /* Release */ = {
			isa = XCBuildConfiguration;
			buildSettings = {
				ALWAYS_SEARCH_USER_PATHS = NO;
				CLANG_ANALYZER_NONNULL = YES;
				CLANG_ANALYZER_NUMBER_OBJECT_CONVERSION = YES_AGGRESSIVE;
				CLANG_CXX_LANGUAGE_STANDARD = "gnu++20";
				CLANG_ENABLE_MODULES = YES;
				CLANG_ENABLE_OBJC_ARC = YES;
				CLANG_ENABLE_OBJC_WEAK = YES;
				CLANG_WARN_BLOCK_CAPTURE_AUTORELEASING = YES;
				CLANG_WARN_BOOL_CONVERSION = YES;
				CLANG_WARN_COMMA = YES;
				CLANG_WARN_CONSTANT_CONVERSION = YES;
				CLANG_WARN_DEPRECATED_OBJC_IMPLEMENTATIONS = YES;
				CLANG_WARN_DIRECT_OBJC_ISA_USAGE = YES_ERROR;
				CLANG_WARN_DOCUMENTATION_COMMENTS = YES;
				CLANG_WARN_EMPTY_BODY = YES;
				CLANG_WARN_ENUM_CONVERSION = YES;
				CLANG_WARN_INFINITE_RECURSION = YES;
				CLANG_WARN_INT_CONVERSION = YES;
				CLANG_WARN_NON_LITERAL_NULL_CONVERSION = YES;
				CLANG_WARN_OBJC_IMPLICIT_RETAIN_SELF = YES;
				CLANG_WARN_OBJC_LITERAL_CONVERSION = YES;
				CLANG_WARN_OBJC_ROOT_CLASS = YES_ERROR;
				CLANG_WARN_QUOTED_INCLUDE_IN_FRAMEWORK_HEADER = YES;
				CLANG_WARN_RANGE_LOOP_ANALYSIS = YES;
				CLANG_WARN_STRICT_PROTOTYPES = YES;
				CLANG_WARN_SUSPICIOUS_MOVE = YES;
				CLANG_WARN_UNGUARDED_AVAILABILITY = YES_AGGRESSIVE;
				CLANG_WARN_UNREACHABLE_CODE = YES;
				CLANG_WARN__DUPLICATE_METHOD_MATCH = YES;
				COPY_PHASE_STRIP = NO;
				DEBUG_INFORMATION_FORMAT = "dwarf-with-dsym";
				ENABLE_NS_ASSERTIONS = NO;
				ENABLE_STRICT_OBJC_MSGSEND = YES;
				GCC_C_LANGUAGE_STANDARD = gnu11;
				GCC_NO_COMMON_BLOCKS = YES;
				GCC_WARN_64_TO_32_BIT_CONVERSION = YES;
				GCC_WARN_ABOUT_RETURN_TYPE = YES_ERROR;
				GCC_WARN_UNDECLARED_SELECTOR = YES;
				GCC_WARN_UNINITIALIZED_AUTOS = YES_AGGRESSIVE;
				GCC_WARN_UNUSED_FUNCTION = YES;
				GCC_WARN_UNUSED_VARIABLE = YES;
				IPHONEOS_DEPLOYMENT_TARGET = 16.4;
				MTL_ENABLE_DEBUG_INFO = NO;
				MTL_FAST_MATH = YES;
				SDKROOT = iphoneos;
				SWIFT_COMPILATION_MODE = wholemodule;
				SWIFT_OPTIMIZATION_LEVEL = "-O";
				VALIDATE_PRODUCT = YES;
			};
			name = Release;
		};
		D08974E62AE9458000D09B81 /* Debug */ = {
			isa = XCBuildConfiguration;
			buildSettings = {
				ASSETCATALOG_COMPILER_APPICON_NAME = AppIcon;
				ASSETCATALOG_COMPILER_GLOBAL_ACCENT_COLOR_NAME = AccentColor;
				CODE_SIGN_STYLE = Automatic;
				CURRENT_PROJECT_VERSION = 1;
				DEVELOPMENT_ASSET_PATHS = "\"MVVM/Preview Content\"";
				DEVELOPMENT_TEAM = Q47UN765KL;
				ENABLE_PREVIEWS = YES;
				GENERATE_INFOPLIST_FILE = YES;
				INFOPLIST_KEY_UIApplicationSceneManifest_Generation = YES;
				INFOPLIST_KEY_UIApplicationSupportsIndirectInputEvents = YES;
				INFOPLIST_KEY_UILaunchScreen_Generation = YES;
				INFOPLIST_KEY_UISupportedInterfaceOrientations_iPad = "UIInterfaceOrientationPortrait UIInterfaceOrientationPortraitUpsideDown UIInterfaceOrientationLandscapeLeft UIInterfaceOrientationLandscapeRight";
				INFOPLIST_KEY_UISupportedInterfaceOrientations_iPhone = "UIInterfaceOrientationPortrait UIInterfaceOrientationLandscapeLeft UIInterfaceOrientationLandscapeRight";
				LD_RUNPATH_SEARCH_PATHS = (
					"$(inherited)",
					"@executable_path/Frameworks",
				);
				MARKETING_VERSION = 1.0;
				PRODUCT_BUNDLE_IDENTIFIER = peter.osusky.MVVM;
				PRODUCT_NAME = "$(TARGET_NAME)";
				SWIFT_EMIT_LOC_STRINGS = YES;
				SWIFT_VERSION = 5.0;
				TARGETED_DEVICE_FAMILY = "1,2";
			};
			name = Debug;
		};
		D08974E72AE9458000D09B81 /* Release */ = {
			isa = XCBuildConfiguration;
			buildSettings = {
				ASSETCATALOG_COMPILER_APPICON_NAME = AppIcon;
				ASSETCATALOG_COMPILER_GLOBAL_ACCENT_COLOR_NAME = AccentColor;
				CODE_SIGN_STYLE = Automatic;
				CURRENT_PROJECT_VERSION = 1;
				DEVELOPMENT_ASSET_PATHS = "\"MVVM/Preview Content\"";
				DEVELOPMENT_TEAM = Q47UN765KL;
				ENABLE_PREVIEWS = YES;
				GENERATE_INFOPLIST_FILE = YES;
				INFOPLIST_KEY_UIApplicationSceneManifest_Generation = YES;
				INFOPLIST_KEY_UIApplicationSupportsIndirectInputEvents = YES;
				INFOPLIST_KEY_UILaunchScreen_Generation = YES;
				INFOPLIST_KEY_UISupportedInterfaceOrientations_iPad = "UIInterfaceOrientationPortrait UIInterfaceOrientationPortraitUpsideDown UIInterfaceOrientationLandscapeLeft UIInterfaceOrientationLandscapeRight";
				INFOPLIST_KEY_UISupportedInterfaceOrientations_iPhone = "UIInterfaceOrientationPortrait UIInterfaceOrientationLandscapeLeft UIInterfaceOrientationLandscapeRight";
				LD_RUNPATH_SEARCH_PATHS = (
					"$(inherited)",
					"@executable_path/Frameworks",
				);
				MARKETING_VERSION = 1.0;
				PRODUCT_BUNDLE_IDENTIFIER = peter.osusky.MVVM;
				PRODUCT_NAME = "$(TARGET_NAME)";
				SWIFT_EMIT_LOC_STRINGS = YES;
				SWIFT_VERSION = 5.0;
				TARGETED_DEVICE_FAMILY = "1,2";
			};
			name = Release;
		};
		D08974E92AE9458000D09B81 /* Debug */ = {
			isa = XCBuildConfiguration;
			buildSettings = {
				ALWAYS_EMBED_SWIFT_STANDARD_LIBRARIES = YES;
				BUNDLE_LOADER = "$(TEST_HOST)";
				CODE_SIGN_STYLE = Automatic;
				CURRENT_PROJECT_VERSION = 1;
				DEVELOPMENT_TEAM = Q47UN765KL;
				GENERATE_INFOPLIST_FILE = YES;
				IPHONEOS_DEPLOYMENT_TARGET = 16.4;
				MARKETING_VERSION = 1.0;
				PRODUCT_BUNDLE_IDENTIFIER = peter.osusky.MVVMTests;
				PRODUCT_NAME = "$(TARGET_NAME)";
				SWIFT_EMIT_LOC_STRINGS = NO;
				SWIFT_VERSION = 5.0;
				TARGETED_DEVICE_FAMILY = "1,2";
				TEST_HOST = "$(BUILT_PRODUCTS_DIR)/MVVM.app/$(BUNDLE_EXECUTABLE_FOLDER_PATH)/MVVM";
			};
			name = Debug;
		};
		D08974EA2AE9458000D09B81 /* Release */ = {
			isa = XCBuildConfiguration;
			buildSettings = {
				ALWAYS_EMBED_SWIFT_STANDARD_LIBRARIES = YES;
				BUNDLE_LOADER = "$(TEST_HOST)";
				CODE_SIGN_STYLE = Automatic;
				CURRENT_PROJECT_VERSION = 1;
				DEVELOPMENT_TEAM = Q47UN765KL;
				GENERATE_INFOPLIST_FILE = YES;
				IPHONEOS_DEPLOYMENT_TARGET = 16.4;
				MARKETING_VERSION = 1.0;
				PRODUCT_BUNDLE_IDENTIFIER = peter.osusky.MVVMTests;
				PRODUCT_NAME = "$(TARGET_NAME)";
				SWIFT_EMIT_LOC_STRINGS = NO;
				SWIFT_VERSION = 5.0;
				TARGETED_DEVICE_FAMILY = "1,2";
				TEST_HOST = "$(BUILT_PRODUCTS_DIR)/MVVM.app/$(BUNDLE_EXECUTABLE_FOLDER_PATH)/MVVM";
			};
			name = Release;
		};
		D08974EC2AE9458000D09B81 /* Debug */ = {
			isa = XCBuildConfiguration;
			buildSettings = {
				ALWAYS_EMBED_SWIFT_STANDARD_LIBRARIES = YES;
				CODE_SIGN_STYLE = Automatic;
				CURRENT_PROJECT_VERSION = 1;
				DEVELOPMENT_TEAM = Q47UN765KL;
				GENERATE_INFOPLIST_FILE = YES;
				MARKETING_VERSION = 1.0;
				PRODUCT_BUNDLE_IDENTIFIER = peter.osusky.MVVMUITests;
				PRODUCT_NAME = "$(TARGET_NAME)";
				SWIFT_EMIT_LOC_STRINGS = NO;
				SWIFT_VERSION = 5.0;
				TARGETED_DEVICE_FAMILY = "1,2";
				TEST_TARGET_NAME = MVVM;
			};
			name = Debug;
		};
		D08974ED2AE9458000D09B81 /* Release */ = {
			isa = XCBuildConfiguration;
			buildSettings = {
				ALWAYS_EMBED_SWIFT_STANDARD_LIBRARIES = YES;
				CODE_SIGN_STYLE = Automatic;
				CURRENT_PROJECT_VERSION = 1;
				DEVELOPMENT_TEAM = Q47UN765KL;
				GENERATE_INFOPLIST_FILE = YES;
				MARKETING_VERSION = 1.0;
				PRODUCT_BUNDLE_IDENTIFIER = peter.osusky.MVVMUITests;
				PRODUCT_NAME = "$(TARGET_NAME)";
				SWIFT_EMIT_LOC_STRINGS = NO;
				SWIFT_VERSION = 5.0;
				TARGETED_DEVICE_FAMILY = "1,2";
				TEST_TARGET_NAME = MVVM;
			};
			name = Release;
		};
/* End XCBuildConfiguration section */

/* Begin XCConfigurationList section */
		D08974BC2AE9457F00D09B81 /* Build configuration list for PBXProject "MVVM" */ = {
			isa = XCConfigurationList;
			buildConfigurations = (
				D08974E32AE9458000D09B81 /* Debug */,
				D08974E42AE9458000D09B81 /* Release */,
			);
			defaultConfigurationIsVisible = 0;
			defaultConfigurationName = Release;
		};
		D08974E52AE9458000D09B81 /* Build configuration list for PBXNativeTarget "MVVM" */ = {
			isa = XCConfigurationList;
			buildConfigurations = (
				D08974E62AE9458000D09B81 /* Debug */,
				D08974E72AE9458000D09B81 /* Release */,
			);
			defaultConfigurationIsVisible = 0;
			defaultConfigurationName = Release;
		};
		D08974E82AE9458000D09B81 /* Build configuration list for PBXNativeTarget "MVVMTests" */ = {
			isa = XCConfigurationList;
			buildConfigurations = (
				D08974E92AE9458000D09B81 /* Debug */,
				D08974EA2AE9458000D09B81 /* Release */,
			);
			defaultConfigurationIsVisible = 0;
			defaultConfigurationName = Release;
		};
		D08974EB2AE9458000D09B81 /* Build configuration list for PBXNativeTarget "MVVMUITests" */ = {
			isa = XCConfigurationList;
			buildConfigurations = (
				D08974EC2AE9458000D09B81 /* Debug */,
				D08974ED2AE9458000D09B81 /* Release */,
			);
			defaultConfigurationIsVisible = 0;
			defaultConfigurationName = Release;
		};
/* End XCConfigurationList section */
	};
	rootObject = D08974B92AE9457F00D09B81 /* Project object */;
}
